// !$*UTF8*$!
{
	archiveVersion = 1;
	classes = {
	};
	objectVersion = 50;
	objects = {

/* Begin PBXBuildFile section */
		E3D5B65423E22A2800E9E774 /* AppDelegate.swift in Sources */ = {isa = PBXBuildFile; fileRef = E3D5B65323E22A2800E9E774 /* AppDelegate.swift */; };
		E3D5B65623E22A2800E9E774 /* SceneDelegate.swift in Sources */ = {isa = PBXBuildFile; fileRef = E3D5B65523E22A2800E9E774 /* SceneDelegate.swift */; };
		E3D5B65823E22A2800E9E774 /* ViewController.swift in Sources */ = {isa = PBXBuildFile; fileRef = E3D5B65723E22A2800E9E774 /* ViewController.swift */; };
		E3D5B65B23E22A2800E9E774 /* Main.storyboard in Resources */ = {isa = PBXBuildFile; fileRef = E3D5B65923E22A2800E9E774 /* Main.storyboard */; };
		E3D5B65D23E22A2900E9E774 /* Assets.xcassets in Resources */ = {isa = PBXBuildFile; fileRef = E3D5B65C23E22A2900E9E774 /* Assets.xcassets */; };
		E3D5B66023E22A2900E9E774 /* LaunchScreen.storyboard in Resources */ = {isa = PBXBuildFile; fileRef = E3D5B65E23E22A2900E9E774 /* LaunchScreen.storyboard */; };
/* End PBXBuildFile section */

/* Begin PBXContainerItemProxy section */
		E3D5B66C23E22B2100E9E774 /* PBXContainerItemProxy */ = {
			isa = PBXContainerItemProxy;
			containerPortal = E3D5B66823E22B2100E9E774 /* LoadingUI.xcodeproj */;
			proxyType = 2;
			remoteGlobalIDString = E3D5B63C23E229CF00E9E774;
			remoteInfo = LoadingUI;
		};
/* End PBXContainerItemProxy section */

/* Begin PBXFileReference section */
		E3D5B65023E22A2800E9E774 /* LoadingUITest.app */ = {isa = PBXFileReference; explicitFileType = wrapper.application; includeInIndex = 0; path = LoadingUITest.app; sourceTree = BUILT_PRODUCTS_DIR; };
		E3D5B65323E22A2800E9E774 /* AppDelegate.swift */ = {isa = PBXFileReference; lastKnownFileType = sourcecode.swift; path = AppDelegate.swift; sourceTree = "<group>"; };
		E3D5B65523E22A2800E9E774 /* SceneDelegate.swift */ = {isa = PBXFileReference; lastKnownFileType = sourcecode.swift; path = SceneDelegate.swift; sourceTree = "<group>"; };
		E3D5B65723E22A2800E9E774 /* ViewController.swift */ = {isa = PBXFileReference; lastKnownFileType = sourcecode.swift; path = ViewController.swift; sourceTree = "<group>"; };
		E3D5B65A23E22A2800E9E774 /* Base */ = {isa = PBXFileReference; lastKnownFileType = file.storyboard; name = Base; path = Base.lproj/Main.storyboard; sourceTree = "<group>"; };
		E3D5B65C23E22A2900E9E774 /* Assets.xcassets */ = {isa = PBXFileReference; lastKnownFileType = folder.assetcatalog; path = Assets.xcassets; sourceTree = "<group>"; };
		E3D5B65F23E22A2900E9E774 /* Base */ = {isa = PBXFileReference; lastKnownFileType = file.storyboard; name = Base; path = Base.lproj/LaunchScreen.storyboard; sourceTree = "<group>"; };
		E3D5B66123E22A2900E9E774 /* Info.plist */ = {isa = PBXFileReference; lastKnownFileType = text.plist.xml; path = Info.plist; sourceTree = "<group>"; };
		E3D5B66823E22B2100E9E774 /* LoadingUI.xcodeproj */ = {isa = PBXFileReference; lastKnownFileType = "wrapper.pb-project"; name = LoadingUI.xcodeproj; path = ../../LoadingUI/LoadingUI.xcodeproj; sourceTree = "<group>"; };
/* End PBXFileReference section */

/* Begin PBXFrameworksBuildPhase section */
		E3D5B64D23E22A2800E9E774 /* Frameworks */ = {
			isa = PBXFrameworksBuildPhase;
			buildActionMask = 2147483647;
			files = (
			);
			runOnlyForDeploymentPostprocessing = 0;
		};
/* End PBXFrameworksBuildPhase section */

/* Begin PBXGroup section */
		E3D5B64723E22A2800E9E774 = {
			isa = PBXGroup;
			children = (
				E3D5B65223E22A2800E9E774 /* LoadingUITest */,
				E3D5B66723E22AE600E9E774 /* Frameworks */,
				E3D5B65123E22A2800E9E774 /* Products */,
			);
			sourceTree = "<group>";
		};
		E3D5B65123E22A2800E9E774 /* Products */ = {
			isa = PBXGroup;
			children = (
				E3D5B65023E22A2800E9E774 /* LoadingUITest.app */,
			);
			name = Products;
			sourceTree = "<group>";
		};
		E3D5B65223E22A2800E9E774 /* LoadingUITest */ = {
			isa = PBXGroup;
			children = (
				E3D5B65323E22A2800E9E774 /* AppDelegate.swift */,
				E3D5B65523E22A2800E9E774 /* SceneDelegate.swift */,
				E3D5B65723E22A2800E9E774 /* ViewController.swift */,
				E3D5B65923E22A2800E9E774 /* Main.storyboard */,
				E3D5B65C23E22A2900E9E774 /* Assets.xcassets */,
				E3D5B65E23E22A2900E9E774 /* LaunchScreen.storyboard */,
				E3D5B66123E22A2900E9E774 /* Info.plist */,
			);
			path = LoadingUITest;
			sourceTree = "<group>";
		};
		E3D5B66723E22AE600E9E774 /* Frameworks */ = {
			isa = PBXGroup;
			children = (
				E3D5B66823E22B2100E9E774 /* LoadingUI.xcodeproj */,
			);
			path = Frameworks;
			sourceTree = "<group>";
		};
		E3D5B66923E22B2100E9E774 /* Products */ = {
			isa = PBXGroup;
			children = (
				E3D5B66D23E22B2100E9E774 /* LoadingUI.framework */,
			);
			name = Products;
			sourceTree = "<group>";
		};
/* End PBXGroup section */

/* Begin PBXNativeTarget section */
		E3D5B64F23E22A2800E9E774 /* LoadingUITest */ = {
			isa = PBXNativeTarget;
			buildConfigurationList = E3D5B66423E22A2900E9E774 /* Build configuration list for PBXNativeTarget "LoadingUITest" */;
			buildPhases = (
				E3D5B64C23E22A2800E9E774 /* Sources */,
				E3D5B64D23E22A2800E9E774 /* Frameworks */,
				E3D5B64E23E22A2800E9E774 /* Resources */,
			);
			buildRules = (
			);
			dependencies = (
			);
			name = LoadingUITest;
			productName = LoadingUITest;
			productReference = E3D5B65023E22A2800E9E774 /* LoadingUITest.app */;
			productType = "com.apple.product-type.application";
		};
/* End PBXNativeTarget section */

/* Begin PBXProject section */
		E3D5B64823E22A2800E9E774 /* Project object */ = {
			isa = PBXProject;
			attributes = {
				LastSwiftUpdateCheck = 1110;
				LastUpgradeCheck = 1110;
				ORGANIZATIONNAME = Lambda_School_Loaner_218;
				TargetAttributes = {
					E3D5B64F23E22A2800E9E774 = {
						CreatedOnToolsVersion = 11.1;
					};
				};
			};
			buildConfigurationList = E3D5B64B23E22A2800E9E774 /* Build configuration list for PBXProject "LoadingUITest" */;
			compatibilityVersion = "Xcode 9.3";
			developmentRegion = en;
			hasScannedForEncodings = 0;
			knownRegions = (
				en,
				Base,
			);
			mainGroup = E3D5B64723E22A2800E9E774;
			productRefGroup = E3D5B65123E22A2800E9E774 /* Products */;
			projectDirPath = "";
			projectReferences = (
				{
					ProductGroup = E3D5B66923E22B2100E9E774 /* Products */;
					ProjectRef = E3D5B66823E22B2100E9E774 /* LoadingUI.xcodeproj */;
				},
			);
			projectRoot = "";
			targets = (
				E3D5B64F23E22A2800E9E774 /* LoadingUITest */,
			);
		};
/* End PBXProject section */

/* Begin PBXReferenceProxy section */
		E3D5B66D23E22B2100E9E774 /* LoadingUI.framework */ = {
			isa = PBXReferenceProxy;
			fileType = wrapper.framework;
			path = LoadingUI.framework;
			remoteRef = E3D5B66C23E22B2100E9E774 /* PBXContainerItemProxy */;
			sourceTree = BUILT_PRODUCTS_DIR;
		};
/* End PBXReferenceProxy section */

/* Begin PBXResourcesBuildPhase section */
		E3D5B64E23E22A2800E9E774 /* Resources */ = {
			isa = PBXResourcesBuildPhase;
			buildActionMask = 2147483647;
			files = (
				E3D5B66023E22A2900E9E774 /* LaunchScreen.storyboard in Resources */,
				E3D5B65D23E22A2900E9E774 /* Assets.xcassets in Resources */,
				E3D5B65B23E22A2800E9E774 /* Main.storyboard in Resources */,
			);
			runOnlyForDeploymentPostprocessing = 0;
		};
/* End PBXResourcesBuildPhase section */

/* Begin PBXSourcesBuildPhase section */
		E3D5B64C23E22A2800E9E774 /* Sources */ = {
			isa = PBXSourcesBuildPhase;
			buildActionMask = 2147483647;
			files = (
				E3D5B65823E22A2800E9E774 /* ViewController.swift in Sources */,
				E3D5B65423E22A2800E9E774 /* AppDelegate.swift in Sources */,
				E3D5B65623E22A2800E9E774 /* SceneDelegate.swift in Sources */,
			);
			runOnlyForDeploymentPostprocessing = 0;
		};
/* End PBXSourcesBuildPhase section */

/* Begin PBXVariantGroup section */
		E3D5B65923E22A2800E9E774 /* Main.storyboard */ = {
			isa = PBXVariantGroup;
			children = (
				E3D5B65A23E22A2800E9E774 /* Base */,
			);
			name = Main.storyboard;
			sourceTree = "<group>";
		};
		E3D5B65E23E22A2900E9E774 /* LaunchScreen.storyboard */ = {
			isa = PBXVariantGroup;
			children = (
				E3D5B65F23E22A2900E9E774 /* Base */,
			);
			name = LaunchScreen.storyboard;
			sourceTree = "<group>";
		};
/* End PBXVariantGroup section */

/* Begin XCBuildConfiguration section */
		E3D5B66223E22A2900E9E774 /* Debug */ = {
			isa = XCBuildConfiguration;
			buildSettings = {
				ALWAYS_SEARCH_USER_PATHS = NO;
				CLANG_ANALYZER_NONNULL = YES;
				CLANG_ANALYZER_NUMBER_OBJECT_CONVERSION = YES_AGGRESSIVE;
				CLANG_CXX_LANGUAGE_STANDARD = "gnu++14";
				CLANG_CXX_LIBRARY = "libc++";
				CLANG_ENABLE_MODULES = YES;
				CLANG_ENABLE_OBJC_ARC = YES;
				CLANG_ENABLE_OBJC_WEAK = YES;
				CLANG_WARN_BLOCK_CAPTURE_AUTORELEASING = YES;
				CLANG_WARN_BOOL_CONVERSION = YES;
				CLANG_WARN_COMMA = YES;
				CLANG_WARN_CONSTANT_CONVERSION = YES;
				CLANG_WARN_DEPRECATED_OBJC_IMPLEMENTATIONS = YES;
				CLANG_WARN_DIRECT_OBJC_ISA_USAGE = YES_ERROR;
				CLANG_WARN_DOCUMENTATION_COMMENTS = YES;
				CLANG_WARN_EMPTY_BODY = YES;
				CLANG_WARN_ENUM_CONVERSION = YES;
				CLANG_WARN_INFINITE_RECURSION = YES;
				CLANG_WARN_INT_CONVERSION = YES;
				CLANG_WARN_NON_LITERAL_NULL_CONVERSION = YES;
				CLANG_WARN_OBJC_IMPLICIT_RETAIN_SELF = YES;
				CLANG_WARN_OBJC_LITERAL_CONVERSION = YES;
				CLANG_WARN_OBJC_ROOT_CLASS = YES_ERROR;
				CLANG_WARN_RANGE_LOOP_ANALYSIS = YES;
				CLANG_WARN_STRICT_PROTOTYPES = YES;
				CLANG_WARN_SUSPICIOUS_MOVE = YES;
				CLANG_WARN_UNGUARDED_AVAILABILITY = YES_AGGRESSIVE;
				CLANG_WARN_UNREACHABLE_CODE = YES;
				CLANG_WARN__DUPLICATE_METHOD_MATCH = YES;
				COPY_PHASE_STRIP = NO;
				DEBUG_INFORMATION_FORMAT = dwarf;
				ENABLE_STRICT_OBJC_MSGSEND = YES;
				ENABLE_TESTABILITY = YES;
				GCC_C_LANGUAGE_STANDARD = gnu11;
				GCC_DYNAMIC_NO_PIC = NO;
				GCC_NO_COMMON_BLOCKS = YES;
				GCC_OPTIMIZATION_LEVEL = 0;
				GCC_PREPROCESSOR_DEFINITIONS = (
					"DEBUG=1",
					"$(inherited)",
				);
				GCC_WARN_64_TO_32_BIT_CONVERSION = YES;
				GCC_WARN_ABOUT_RETURN_TYPE = YES_ERROR;
				GCC_WARN_UNDECLARED_SELECTOR = YES;
				GCC_WARN_UNINITIALIZED_AUTOS = YES_AGGRESSIVE;
				GCC_WARN_UNUSED_FUNCTION = YES;
				GCC_WARN_UNUSED_VARIABLE = YES;
				IPHONEOS_DEPLOYMENT_TARGET = 13.1;
				MTL_ENABLE_DEBUG_INFO = INCLUDE_SOURCE;
				MTL_FAST_MATH = YES;
				ONLY_ACTIVE_ARCH = YES;
				SDKROOT = iphoneos;
				SWIFT_ACTIVE_COMPILATION_CONDITIONS = DEBUG;
				SWIFT_OPTIMIZATION_LEVEL = "-Onone";
			};
			name = Debug;
		};
		E3D5B66323E22A2900E9E774 /* Release */ = {
			isa = XCBuildConfiguration;
			buildSettings = {
				ALWAYS_SEARCH_USER_PATHS = NO;
				CLANG_ANALYZER_NONNULL = YES;
				CLANG_ANALYZER_NUMBER_OBJECT_CONVERSION = YES_AGGRESSIVE;
				CLANG_CXX_LANGUAGE_STANDARD = "gnu++14";
				CLANG_CXX_LIBRARY = "libc++";
				CLANG_ENABLE_MODULES = YES;
				CLANG_ENABLE_OBJC_ARC = YES;
				CLANG_ENABLE_OBJC_WEAK = YES;
				CLANG_WARN_BLOCK_CAPTURE_AUTORELEASING = YES;
				CLANG_WARN_BOOL_CONVERSION = YES;
				CLANG_WARN_COMMA = YES;
				CLANG_WARN_CONSTANT_CONVERSION = YES;
				CLANG_WARN_DEPRECATED_OBJC_IMPLEMENTATIONS = YES;
				CLANG_WARN_DIRECT_OBJC_ISA_USAGE = YES_ERROR;
				CLANG_WARN_DOCUMENTATION_COMMENTS = YES;
				CLANG_WARN_EMPTY_BODY = YES;
				CLANG_WARN_ENUM_CONVERSION = YES;
				CLANG_WARN_INFINITE_RECURSION = YES;
				CLANG_WARN_INT_CONVERSION = YES;
				CLANG_WARN_NON_LITERAL_NULL_CONVERSION = YES;
				CLANG_WARN_OBJC_IMPLICIT_RETAIN_SELF = YES;
				CLANG_WARN_OBJC_LITERAL_CONVERSION = YES;
				CLANG_WARN_OBJC_ROOT_CLASS = YES_ERROR;
				CLANG_WARN_RANGE_LOOP_ANALYSIS = YES;
				CLANG_WARN_STRICT_PROTOTYPES = YES;
				CLANG_WARN_SUSPICIOUS_MOVE = YES;
				CLANG_WARN_UNGUARDED_AVAILABILITY = YES_AGGRESSIVE;
				CLANG_WARN_UNREACHABLE_CODE = YES;
				CLANG_WARN__DUPLICATE_METHOD_MATCH = YES;
				COPY_PHASE_STRIP = NO;
				DEBUG_INFORMATION_FORMAT = "dwarf-with-dsym";
				ENABLE_NS_ASSERTIONS = NO;
				ENABLE_STRICT_OBJC_MSGSEND = YES;
				GCC_C_LANGUAGE_STANDARD = gnu11;
				GCC_NO_COMMON_BLOCKS = YES;
				GCC_WARN_64_TO_32_BIT_CONVERSION = YES;
				GCC_WARN_ABOUT_RETURN_TYPE = YES_ERROR;
				GCC_WARN_UNDECLARED_SELECTOR = YES;
				GCC_WARN_UNINITIALIZED_AUTOS = YES_AGGRESSIVE;
				GCC_WARN_UNUSED_FUNCTION = YES;
				GCC_WARN_UNUSED_VARIABLE = YES;
				IPHONEOS_DEPLOYMENT_TARGET = 13.1;
				MTL_ENABLE_DEBUG_INFO = NO;
				MTL_FAST_MATH = YES;
				SDKROOT = iphoneos;
				SWIFT_COMPILATION_MODE = wholemodule;
				SWIFT_OPTIMIZATION_LEVEL = "-O";
				VALIDATE_PRODUCT = YES;
			};
			name = Release;
		};
		E3D5B66523E22A2900E9E774 /* Debug */ = {
			isa = XCBuildConfiguration;
			buildSettings = {
				ASSETCATALOG_COMPILER_APPICON_NAME = AppIcon;
				CODE_SIGN_STYLE = Automatic;
				INFOPLIST_FILE = LoadingUITest/Info.plist;
				LD_RUNPATH_SEARCH_PATHS = (
					"$(inherited)",
					"@executable_path/Frameworks",
				);
				PRODUCT_BUNDLE_IDENTIFIER = "com.Lambda-Shool-learner.LoadingUITest";
				PRODUCT_NAME = "$(TARGET_NAME)";
				SWIFT_VERSION = 5.0;
				TARGETED_DEVICE_FAMILY = "1,2";
			};
			name = Debug;
		};
		E3D5B66623E22A2900E9E774 /* Release */ = {
			isa = XCBuildConfiguration;
			buildSettings = {
				ASSETCATALOG_COMPILER_APPICON_NAME = AppIcon;
				CODE_SIGN_STYLE = Automatic;
				INFOPLIST_FILE = LoadingUITest/Info.plist;
				LD_RUNPATH_SEARCH_PATHS = (
					"$(inherited)",
					"@executable_path/Frameworks",
				);
				PRODUCT_BUNDLE_IDENTIFIER = "com.Lambda-Shool-learner.LoadingUITest";
				PRODUCT_NAME = "$(TARGET_NAME)";
				SWIFT_VERSION = 5.0;
				TARGETED_DEVICE_FAMILY = "1,2";
			};
			name = Release;
		};
/* End XCBuildConfiguration section */

/* Begin XCConfigurationList section */
		E3D5B64B23E22A2800E9E774 /* Build configuration list for PBXProject "LoadingUITest" */ = {
			isa = XCConfigurationList;
			buildConfigurations = (
				E3D5B66223E22A2900E9E774 /* Debug */,
				E3D5B66323E22A2900E9E774 /* Release */,
			);
			defaultConfigurationIsVisible = 0;
			defaultConfigurationName = Release;
		};
		E3D5B66423E22A2900E9E774 /* Build configuration list for PBXNativeTarget "LoadingUITest" */ = {
			isa = XCConfigurationList;
			buildConfigurations = (
				E3D5B66523E22A2900E9E774 /* Debug */,
				E3D5B66623E22A2900E9E774 /* Release */,
			);
			defaultConfigurationIsVisible = 0;
			defaultConfigurationName = Release;
		};
/* End XCConfigurationList section */
	};
	rootObject = E3D5B64823E22A2800E9E774 /* Project object */;
}
